
Microsoft Visual Studio Solution File, Format Version 12.00
# Visual Studio Version 17
VisualStudioVersion = 17.4.33103.184
MinimumVisualStudioVersion = 10.0.40219.1
Project("{FAE04EC0-301F-11D3-BF4B-00C04F79EFBC}") = "WinFormsApp4", "WinFormsApp4\WinFormsApp4.csproj", "{283E17BD-8775-42CC-8ED4-02C9477EF123}"
EndProject
Global
	GlobalSection(SolutionConfigurationPlatforms) = preSolution
		Debug|Any CPU = Debug|Any CPU
		Release|Any CPU = Release|Any CPU
	EndGlobalSection
	GlobalSection(ProjectConfigurationPlatforms) = postSolution
		{283E17BD-8775-42CC-8ED4-02C9477EF123}.Debug|Any CPU.ActiveCfg = Debug|Any CPU
		{283E17BD-8775-42CC-8ED4-02C9477EF123}.Debug|Any CPU.Build.0 = Debug|Any CPU
		{283E17BD-8775-42CC-8ED4-02C9477EF123}.Release|Any CPU.ActiveCfg = Release|Any CPU
		{283E17BD-8775-42CC-8ED4-02C9477EF123}.Release|Any CPU.Build.0 = Release|Any CPU
	EndGlobalSection
	GlobalSection(SolutionProperties) = preSolution
		HideSolutionNode = FALSE
	EndGlobalSection
	GlobalSection(ExtensibilityGlobals) = postSolution
		SolutionGuid = {03580F1C-D65A-464D-A219-3255F912CDC0}
	EndGlobalSection
EndGlobal
